
Microsoft Visual Studio Solution File, Format Version 12.00
# Visual Studio 15
VisualStudioVersion = 15.0.28307.438
MinimumVisualStudioVersion = 10.0.40219.1
Project("{8BC9CEB8-8B4A-11D0-8D11-00A0C91BC942}") = "SingleLinkedList", "SingleLinkedList\SingleLinkedList.vcxproj", "{E5A9FD55-A3C2-4C0C-A493-B72CB24F5F3F}"
EndProject
Global
	GlobalSection(SolutionConfigurationPlatforms) = preSolution
		Debug|x64 = Debug|x64
		Debug|x86 = Debug|x86
		Release|x64 = Release|x64
		Release|x86 = Release|x86
	EndGlobalSection
	GlobalSection(ProjectConfigurationPlatforms) = postSolution
		{E5A9FD55-A3C2-4C0C-A493-B72CB24F5F3F}.Debug|x64.ActiveCfg = Debug|x64
		{E5A9FD55-A3C2-4C0C-A493-B72CB24F5F3F}.Debug|x64.Build.0 = Debug|x64
		{E5A9FD55-A3C2-4C0C-A493-B72CB24F5F3F}.Debug|x86.ActiveCfg = Debug|Win32
		{E5A9FD55-A3C2-4C0C-A493-B72CB24F5F3F}.Debug|x86.Build.0 = Debug|Win32
		{E5A9FD55-A3C2-4C0C-A493-B72CB24F5F3F}.Release|x64.ActiveCfg = Release|x64
		{E5A9FD55-A3C2-4C0C-A493-B72CB24F5F3F}.Release|x64.Build.0 = Release|x64
		{E5A9FD55-A3C2-4C0C-A493-B72CB24F5F3F}.Release|x86.ActiveCfg = Release|Win32
		{E5A9FD55-A3C2-4C0C-A493-B72CB24F5F3F}.Release|x86.Build.0 = Release|Win32
	EndGlobalSection
	GlobalSection(SolutionProperties) = preSolution
		HideSolutionNode = FALSE
	EndGlobalSection
	GlobalSection(ExtensibilityGlobals) = postSolution
		SolutionGuid = {0444269B-4093-4257-BB9E-579A1EF30EF9}
	EndGlobalSection
EndGlobal
